# This file is autogenerated, do not edit; changes may be undone by the next 'dep ensure'.


[[projects]]
  digest = "1:b4cf4077e6123e315ad327b9578b6aac5253b74095c9eb16bbb0479b3676805a"
  name = "github.com/200sc/go-dist"
  packages = [
    "colorrange",
    "floatrange",
    "intrange",
  ]
  pruneopts = "UT"
  revision = "8bdf90fe4b023f2e176be67c7c27ea31dd89d324"
  version = "v1.0.0"

[[projects]]
  digest = "1:7a13753f465bbc2b6c141de05f94dbdcaa066da0f49f226b94b6c46b4bba0ddf"
  name = "github.com/200sc/klangsynthese"
  packages = [
    "audio",
    "audio/filter",
    "audio/filter/supports",
    "audio/manip",
    "font",
    "mp3",
    "synth",
    "wav",
  ]
  pruneopts = "UT"
  revision = "edd134f4ff94e91c8ad140de3e064db8334aef63"
  version = "v0.1.1"

[[projects]]
  digest = "1:9f3b30d9f8e0d7040f729b82dcbc8f0dead820a133b3147ce355fc451f32d761"
  name = "github.com/BurntSushi/toml"
  packages = ["."]
  pruneopts = "UT"
  revision = "3012a1dbe2e4bd1391d42b32f0577cb7bbc7f005"
  version = "v0.3.1"

[[projects]]
  branch = "master"
  digest = "1:5d10efb58e8385c77530e8df60dbb7efcf2f806e1a742f5dfc588f8aeb9e0a96"
  name = "github.com/BurntSushi/xgb"
  packages = [
    ".",
    "render",
    "shape",
    "shm",
    "xinerama",
    "xproto",
  ]
  pruneopts = "UT"
  revision = "27f122750802c950b2c869a5b63dafcf590ced95"

[[projects]]
  branch = "master"
  digest = "1:93698a5b0ee991e62e44f2278c0a5baa3545f9ff64366e67060876aa8753e15d"
  name = "github.com/BurntSushi/xgbutil"
  packages = [
    ".",
    "ewmh",
    "xevent",
    "xprop",
  ]
  pruneopts = "UT"
  revision = "f7c97cef3b4e6c88280a5a7091c3314e815ca243"

[[projects]]
  branch = "master"
  digest = "1:554fc9ace442cb49137a7790fa8d6264d8987c1fb90925cf02899d4663538f9d"
  name = "github.com/akavel/polyclip-go"
  packages = ["."]
  pruneopts = "UT"
  revision = "2cfdb71461bde9115450eb65688337e3f8ee715e"

[[projects]]
  digest = "1:ffe9824d294da03b391f44e1ae8281281b4afc1bdaa9588c9097785e3af10cec"
  name = "github.com/davecgh/go-spew"
  packages = ["spew"]
  pruneopts = "UT"
  revision = "8991bc29aa16c548c550c7ff78260e27b9ab7c73"
  version = "v1.1.1"

[[projects]]
  digest = "1:b3af453d2bd5c7f1c6242b38d0416aa6cf96485a90b404fe638abeadb7ddd501"
  name = "github.com/disintegration/gift"
  packages = ["."]
  pruneopts = "UT"
  revision = "e7b6d79ff1929f7f71e2de01198850f4e50db244"
  version = "v1.2.0"

[[projects]]
  branch = "master"
  digest = "1:62c57507df491b657e9ae2645f30958d9964c8eeb380600469eedc951ebb3a0e"
  name = "github.com/golang/freetype"
  packages = [
    "raster",
    "truetype",
  ]
  pruneopts = "UT"
  revision = "e2365dfdc4a05e4b8299a783240d4a7d5a65d4e4"

[[projects]]
  digest = "1:52430c9cb1b419d4d7cc21b6536732a492376820e4d6aa43bc2dd0b53ae491a5"
  name = "github.com/hajimehoshi/go-mp3"
  packages = [
    ".",
    "internal/bits",
    "internal/consts",
    "internal/frame",
    "internal/frameheader",
    "internal/huffman",
    "internal/imdct",
    "internal/maindata",
    "internal/sideinfo",
  ]
  pruneopts = "UT"
  revision = "90191ee719ddc192865cd96bdc8013ef1ed6dbea"
  version = "v0.1.1"

[[projects]]
  digest = "1:0aeaaf2037e67cfb35f8623b2164ca4469cd5c112521b75e19f34fc9e3a287b9"
  name = "github.com/oakmound/alsa-go"
  packages = ["."]
  pruneopts = "UT"
  revision = "ba5351447e1209bb9726d4330341eb07661e7200"
  version = "v1.0.0"

[[projects]]
  digest = "1:b011f6daff4a9104e16311630be5edffdfb750cb63a0393ccf919108ba447ffa"
  name = "github.com/oakmound/shiny"
  packages = [
    "driver",
    "driver/gldriver",
    "driver/internal/drawer",
    "driver/internal/errscreen",
    "driver/internal/event",
    "driver/internal/lifecycler",
    "driver/internal/swizzle",
    "driver/internal/win32",
    "driver/internal/x11",
    "driver/internal/x11key",
    "driver/windriver",
    "driver/x11driver",
    "gesture",
    "screen",
    "unit",
  ]
  pruneopts = "UT"
  revision = "315515c7afb9b9a1a1f519694f2641fef88c65a4"
  version = "v0.2.0"

[[projects]]
  digest = "1:d62ba403cf4b6b331f3be73bbe6a66549b70e3e93f918ec9870badd7f2c242aa"
  name = "github.com/oakmound/w32"
  packages = ["."]
  pruneopts = "UT"
  revision = "9e34746976a263bb50637c5018561570515aa317"
  version = "v2.0.0"

[[projects]]
  branch = "master"
  digest = "1:ffbc3e14a414a0a5256fdcf92b7f52f218613318e6f17eca7b9c6ac48a1072cf"
  name = "github.com/oov/directsound-go"
  packages = ["dsound"]
  pruneopts = "UT"
  revision = "e53e59c700bfd3a54be020aa361349351b1221aa"

[[projects]]
  digest = "1:cf31692c14422fa27c83a05292eb5cbe0fb2775972e8f1f8446a71549bd8980b"
  name = "github.com/pkg/errors"
  packages = ["."]
  pruneopts = "UT"
  revision = "ba968bfe8b2f7e042a574c888954fccecfa385b4"
  version = "v0.8.1"

[[projects]]
  digest = "1:0028cb19b2e4c3112225cd871870f2d9cf49b9b4276531f03438a88e94be86fe"
  name = "github.com/pmezard/go-difflib"
  packages = ["difflib"]
  pruneopts = "UT"
  revision = "792786c7400a136282c1664665ae0a8db921c6c2"
  version = "v1.0.0"

[[projects]]
  digest = "1:972c2427413d41a1e06ca4897e8528e5a1622894050e2f527b38ddf0f343f759"
  name = "github.com/stretchr/testify"
  packages = ["assert"]
  pruneopts = "UT"
  revision = "ffdc059bfe9ce6a4e144ba849dbedead332c6053"
  version = "v1.3.0"

[[projects]]
  branch = "master"
  digest = "1:e4955d8aa1a09ceb900f2c2df004b638a74c6c7588fff643863f779eebfd1b5d"
  name = "golang.org/x/image"
  packages = [
    "bmp",
    "colornames",
    "font",
    "math/f64",
    "math/fixed",
  ]
  pruneopts = "UT"
  revision = "0694c2d4d067f97ebef574d63a763ee8ab559da7"

[[projects]]
  branch = "master"
  digest = "1:ac6265dc97b72daef957099ec5beba7c0a43bd2f365848444bebf581a0a0d67f"
  name = "golang.org/x/mobile"
  packages = [
    "event/key",
    "event/lifecycle",
    "event/mouse",
    "event/paint",
    "event/size",
    "geom",
    "gl",
  ]
  pruneopts = "UT"
  revision = "d2e1c1c4a691445933af238dcfc2869b0ffa7e91"

[[projects]]
  branch = "master"
  digest = "1:de4815ce3ca5b624af2733716ecd471de1ef50cda8afec39491aab517f73139c"
  name = "golang.org/x/net"
  packages = [
    "html",
    "html/atom",
  ]
  pruneopts = "UT"
  revision = "c10a0554eabf8a6a7a6cc3097c9d9f43dcee0a43"

[[projects]]
  branch = "master"
  digest = "1:9f303486d623f840492bfeb48eb906a94e9d3fe638a761639b72ce64bf7bfcc3"
  name = "golang.org/x/sync"
  packages = ["syncmap"]
  pruneopts = "UT"
  revision = "e225da77a7e68af35c70ccbf71af2b83e6acac3c"

[[projects]]
  branch = "master"
  digest = "1:ae68415cb4e39b10569bcb1eb4d5c7c4737262fd2a55022b057e5e77e2e7b459"
  name = "golang.org/x/sys"
  packages = ["windows"]
  pruneopts = "UT"
  revision = "10058d7d4faa7dd5ef860cbd31af00903076e7b8"

[solve-meta]
  analyzer-name = "dep"
  analyzer-version = 1
  input-imports = [
    "github.com/200sc/go-dist/colorrange",
    "github.com/200sc/go-dist/floatrange",
    "github.com/200sc/go-dist/intrange",
    "github.com/200sc/klangsynthese/audio",
    "github.com/200sc/klangsynthese/audio/filter",
    "github.com/200sc/klangsynthese/audio/filter/supports",
    "github.com/200sc/klangsynthese/font",
    "github.com/200sc/klangsynthese/mp3",
    "github.com/200sc/klangsynthese/synth",
    "github.com/200sc/klangsynthese/wav",
    "github.com/BurntSushi/toml",
    "github.com/akavel/polyclip-go",
    "github.com/davecgh/go-spew/spew",
    "github.com/disintegration/gift",
    "github.com/golang/freetype/truetype",
    "github.com/oakmound/shiny/driver",
    "github.com/oakmound/shiny/gesture",
    "github.com/oakmound/shiny/screen",
    "github.com/stretchr/testify/assert",
    "golang.org/x/image/bmp",
    "golang.org/x/image/colornames",
    "golang.org/x/image/font",
    "golang.org/x/image/math/fixed",
    "golang.org/x/mobile/event/key",
    "golang.org/x/mobile/event/lifecycle",
    "golang.org/x/mobile/event/mouse",
    "golang.org/x/mobile/event/size",
    "golang.org/x/sync/syncmap",
  ]
  solver-name = "gps-cdcl"
  solver-version = 1
